
Microsoft Visual Studio Solution File, Format Version 12.00
# Visual Studio 15
VisualStudioVersion = 15.0.27130.2010
MinimumVisualStudioVersion = 10.0.40219.1
Project("{FAE04EC0-301F-11D3-BF4B-00C04F79EFBC}") = "Murlan", "Murlan\Murlan.csproj", "{0BCF7C35-BCFC-4F54-8F7B-88D03859A3A6}"
EndProject
Project("{FAE04EC0-301F-11D3-BF4B-00C04F79EFBC}") = "DataLayer", "DataLayer\DataLayer.csproj", "{4FC20930-86AB-406C-928A-794C0F4E2C9E}"
EndProject
Global
	GlobalSection(SolutionConfigurationPlatforms) = preSolution
		Debug|Any CPU = Debug|Any CPU
		Release|Any CPU = Release|Any CPU
	EndGlobalSection
	GlobalSection(ProjectConfigurationPlatforms) = postSolution
		{0BCF7C35-BCFC-4F54-8F7B-88D03859A3A6}.Debug|Any CPU.ActiveCfg = Debug|Any CPU
		{0BCF7C35-BCFC-4F54-8F7B-88D03859A3A6}.Debug|Any CPU.Build.0 = Debug|Any CPU
		{0BCF7C35-BCFC-4F54-8F7B-88D03859A3A6}.Release|Any CPU.ActiveCfg = Release|Any CPU
		{0BCF7C35-BCFC-4F54-8F7B-88D03859A3A6}.Release|Any CPU.Build.0 = Release|Any CPU
		{4FC20930-86AB-406C-928A-794C0F4E2C9E}.Debug|Any CPU.ActiveCfg = Debug|Any CPU
		{4FC20930-86AB-406C-928A-794C0F4E2C9E}.Debug|Any CPU.Build.0 = Debug|Any CPU
		{4FC20930-86AB-406C-928A-794C0F4E2C9E}.Release|Any CPU.ActiveCfg = Release|Any CPU
		{4FC20930-86AB-406C-928A-794C0F4E2C9E}.Release|Any CPU.Build.0 = Release|Any CPU
	EndGlobalSection
	GlobalSection(SolutionProperties) = preSolution
		HideSolutionNode = FALSE
	EndGlobalSection
	GlobalSection(ExtensibilityGlobals) = postSolution
		SolutionGuid = {37D1BB2D-7F7E-4951-A285-D2A42E4F7B48}
	EndGlobalSection
EndGlobal
